
Microsoft Visual Studio Solution File, Format Version 12.00
# Visual Studio Version 17
VisualStudioVersion = 17.6.33815.320
MinimumVisualStudioVersion = 10.0.40219.1
Project("{FAE04EC0-301F-11D3-BF4B-00C04F79EFBC}") = "Assignment 18", "Assignment 18\Assignment 18.csproj", "{F7490B22-E133-41C5-90AD-E2EDADC80E0C}"
EndProject
Global
	GlobalSection(SolutionConfigurationPlatforms) = preSolution
		Debug|Any CPU = Debug|Any CPU
		Release|Any CPU = Release|Any CPU
	EndGlobalSection
	GlobalSection(ProjectConfigurationPlatforms) = postSolution
		{F7490B22-E133-41C5-90AD-E2EDADC80E0C}.Debug|Any CPU.ActiveCfg = Debug|Any CPU
		{F7490B22-E133-41C5-90AD-E2EDADC80E0C}.Debug|Any CPU.Build.0 = Debug|Any CPU
		{F7490B22-E133-41C5-90AD-E2EDADC80E0C}.Release|Any CPU.ActiveCfg = Release|Any CPU
		{F7490B22-E133-41C5-90AD-E2EDADC80E0C}.Release|Any CPU.Build.0 = Release|Any CPU
	EndGlobalSection
	GlobalSection(SolutionProperties) = preSolution
		HideSolutionNode = FALSE
	EndGlobalSection
	GlobalSection(ExtensibilityGlobals) = postSolution
		SolutionGuid = {DBBE0A75-3784-42F4-AFBF-6F1502EA29EB}
	EndGlobalSection
EndGlobal
